// !$*UTF8*$!
{
	archiveVersion = 1;
	classes = {
	};
	objectVersion = 56;
	objects = {

/* Begin PBXBuildFile section */
		B00000000000000000000001 /* BinaryPlist.swift in Sources */ = {isa = PBXBuildFile; fileRef = C00000000000000000000001 /* BinaryPlist.swift */; };
		B00000000000000000000002 /* ByteBuffer.swift in Sources */ = {isa = PBXBuildFile; fileRef = C00000000000000000000002 /* ByteBuffer.swift */; };
		B00000000000000000000003 /* DonorProfile.swift in Sources */ = {isa = PBXBuildFile; fileRef = C00000000000000000000003 /* DonorProfile.swift */; };
		B00000000000000000000004 /* Exif.swift in Sources */ = {isa = PBXBuildFile; fileRef = C00000000000000000000004 /* Exif.swift */; };
		B00000000000000000000005 /* HEIF.swift in Sources */ = {isa = PBXBuildFile; fileRef = C00000000000000000000005 /* HEIF.swift */; };
		B00000000000000000000006 /* ISOBoxes.swift in Sources */ = {isa = PBXBuildFile; fileRef = C00000000000000000000006 /* ISOBoxes.swift */; };
		B00000000000000000000007 /* StyleMaps.swift in Sources */ = {isa = PBXBuildFile; fileRef = C00000000000000000000007 /* StyleMaps.swift */; };
		B00000000000000000000008 /* StylePorter.swift in Sources */ = {isa = PBXBuildFile; fileRef = C00000000000000000000008 /* StylePorter.swift */; };
		B00000000000000000000009 /* StylePortError.swift in Sources */ = {isa = PBXBuildFile; fileRef = C00000000000000000000009 /* StylePortError.swift */; };
		B0000000000000000000000A /* Profiles in Resources */ = {isa = PBXBuildFile; fileRef = R00000000000000000000001 /* Profiles */; };
		B0000000000000000000000B /* AppModel.swift in Sources */ = {isa = PBXBuildFile; fileRef = A00000000000000000000001 /* AppModel.swift */; };
		B0000000000000000000000C /* ContentView.swift in Sources */ = {isa = PBXBuildFile; fileRef = A00000000000000000000002 /* ContentView.swift */; };
		B0000000000000000000000D /* PhotoLibraryService.swift in Sources */ = {isa = PBXBuildFile; fileRef = A00000000000000000000003 /* PhotoLibraryService.swift */; };
		B0000000000000000000000E /* StylePortApp.swift in Sources */ = {isa = PBXBuildFile; fileRef = A00000000000000000000004 /* StylePortApp.swift */; };
		B0000000000000000000000F /* Assets.xcassets in Resources */ = {isa = PBXBuildFile; fileRef = R00000000000000000000002 /* Assets.xcassets */; };
		B00000000000000000000010 /* PrivacyInfo.xcprivacy in Resources */ = {isa = PBXBuildFile; fileRef = A00000000000000000000005 /* PrivacyInfo.xcprivacy */; };
		B00000000000000000000011 /* StylePortCore.framework in Frameworks */ = {isa = PBXBuildFile; fileRef = P00000000000000000000001 /* StylePortCore.framework */; };
		B00000000000000000000012 /* StylePortCore.framework in Embed Frameworks */ = {isa = PBXBuildFile; fileRef = P00000000000000000000001 /* StylePortCore.framework */; settings = {ATTRIBUTES = (CodeSignOnCopy, RemoveHeadersOnCopy, ); }; };
		B00000000000000000000013 /* StylePortCoreTests.swift in Sources */ = {isa = PBXBuildFile; fileRef = T00000000000000000000001 /* StylePortCoreTests.swift */; };
		B00000000000000000000014 /* StylePortCore.framework in Frameworks */ = {isa = PBXBuildFile; fileRef = P00000000000000000000001 /* StylePortCore.framework */; };
		B00000000000000000000015 /* XCTest.framework in Frameworks */ = {isa = PBXBuildFile; fileRef = F00000000000000000000001 /* XCTest.framework */; };
/* End PBXBuildFile section */

/* Begin PBXContainerItemProxy section */
		900000000000000000000001 /* PBXContainerItemProxy */ = {
			isa = PBXContainerItemProxy;
			containerPortal = 800000000000000000000001 /* Project object */;
			proxyType = 1;
			remoteGlobalIDString = 500000000000000000000001;
			remoteInfo = StylePortCore;
		};
		900000000000000000000002 /* PBXContainerItemProxy */ = {
			isa = PBXContainerItemProxy;
			containerPortal = 800000000000000000000001 /* Project object */;
			proxyType = 1;
			remoteGlobalIDString = 500000000000000000000001;
			remoteInfo = StylePortCore;
		};
/* End PBXContainerItemProxy section */

/* Begin PBXCopyFilesBuildPhase section */
		400000000000000000000001 /* Embed Frameworks */ = {
			isa = PBXCopyFilesBuildPhase;
			buildActionMask = 2147483647;
			dstPath = "";
			dstSubfolderSpec = 10;
			files = (
				B00000000000000000000012 /* StylePortCore.framework in Embed Frameworks */,
			);
			name = "Embed Frameworks";
			runOnlyForDeploymentPostprocessing = 0;
		};
/* End PBXCopyFilesBuildPhase section */

/* Begin PBXFileReference section */
		C00000000000000000000001 /* BinaryPlist.swift */ = {isa = PBXFileReference; lastKnownFileType = sourcecode.swift; path = BinaryPlist.swift; sourceTree = "<group>"; };
		C00000000000000000000002 /* ByteBuffer.swift */ = {isa = PBXFileReference; lastKnownFileType = sourcecode.swift; path = ByteBuffer.swift; sourceTree = "<group>"; };
		C00000000000000000000003 /* DonorProfile.swift */ = {isa = PBXFileReference; lastKnownFileType = sourcecode.swift; path = DonorProfile.swift; sourceTree = "<group>"; };
		C00000000000000000000004 /* Exif.swift */ = {isa = PBXFileReference; lastKnownFileType = sourcecode.swift; path = Exif.swift; sourceTree = "<group>"; };
		C00000000000000000000005 /* HEIF.swift */ = {isa = PBXFileReference; lastKnownFileType = sourcecode.swift; path = HEIF.swift; sourceTree = "<group>"; };
		C00000000000000000000006 /* ISOBoxes.swift */ = {isa = PBXFileReference; lastKnownFileType = sourcecode.swift; path = ISOBoxes.swift; sourceTree = "<group>"; };
		C00000000000000000000007 /* StyleMaps.swift */ = {isa = PBXFileReference; lastKnownFileType = sourcecode.swift; path = StyleMaps.swift; sourceTree = "<group>"; };
		C00000000000000000000008 /* StylePorter.swift */ = {isa = PBXFileReference; lastKnownFileType = sourcecode.swift; path = StylePorter.swift; sourceTree = "<group>"; };
		C00000000000000000000009 /* StylePortError.swift */ = {isa = PBXFileReference; lastKnownFileType = sourcecode.swift; path = StylePortError.swift; sourceTree = "<group>"; };
		A00000000000000000000001 /* AppModel.swift */ = {isa = PBXFileReference; lastKnownFileType = sourcecode.swift; path = AppModel.swift; sourceTree = "<group>"; };
		A00000000000000000000002 /* ContentView.swift */ = {isa = PBXFileReference; lastKnownFileType = sourcecode.swift; path = ContentView.swift; sourceTree = "<group>"; };
		A00000000000000000000003 /* PhotoLibraryService.swift */ = {isa = PBXFileReference; lastKnownFileType = sourcecode.swift; path = PhotoLibraryService.swift; sourceTree = "<group>"; };
		A00000000000000000000004 /* StylePortApp.swift */ = {isa = PBXFileReference; lastKnownFileType = sourcecode.swift; path = StylePortApp.swift; sourceTree = "<group>"; };
		A00000000000000000000005 /* PrivacyInfo.xcprivacy */ = {isa = PBXFileReference; lastKnownFileType = text.xml; path = PrivacyInfo.xcprivacy; sourceTree = "<group>"; };
		A00000000000000000000006 /* StylePort.entitlements */ = {isa = PBXFileReference; lastKnownFileType = text.plist.entitlements; path = StylePort.entitlements; sourceTree = "<group>"; };
		R00000000000000000000001 /* Profiles */ = {isa = PBXFileReference; lastKnownFileType = folder; path = Profiles; sourceTree = "<group>"; };
		R00000000000000000000002 /* Assets.xcassets */ = {isa = PBXFileReference; lastKnownFileType = folder.assetcatalog; path = Assets.xcassets; sourceTree = "<group>"; };
		T00000000000000000000001 /* StylePortCoreTests.swift */ = {isa = PBXFileReference; lastKnownFileType = sourcecode.swift; path = StylePortCoreTests.swift; sourceTree = "<group>"; };
		F00000000000000000000001 /* XCTest.framework */ = {isa = PBXFileReference; lastKnownFileType = wrapper.framework; name = XCTest.framework; path = System/Library/Frameworks/XCTest.framework; sourceTree = SDKROOT; };
		P00000000000000000000001 /* StylePortCore.framework */ = {isa = PBXFileReference; explicitFileType = wrapper.framework; includeInIndex = 0; path = StylePortCore.framework; sourceTree = BUILT_PRODUCTS_DIR; };
		P00000000000000000000002 /* StylePort.app */ = {isa = PBXFileReference; explicitFileType = wrapper.application; includeInIndex = 0; path = StylePort.app; sourceTree = BUILT_PRODUCTS_DIR; };
		P00000000000000000000003 /* StylePortCoreTests.xctest */ = {isa = PBXFileReference; explicitFileType = wrapper.cfbundle; includeInIndex = 0; path = StylePortCoreTests.xctest; sourceTree = BUILT_PRODUCTS_DIR; };
/* End PBXFileReference section */

/* Begin PBXFrameworksBuildPhase section */
		300000000000000000000001 /* Frameworks */ = {isa = PBXFrameworksBuildPhase; buildActionMask = 2147483647; files = (); runOnlyForDeploymentPostprocessing = 0; };
		300000000000000000000002 /* Frameworks */ = {
			isa = PBXFrameworksBuildPhase;
			buildActionMask = 2147483647;
			files = (B00000000000000000000011 /* StylePortCore.framework in Frameworks */, );
			runOnlyForDeploymentPostprocessing = 0;
		};
		300000000000000000000003 /* Frameworks */ = {
			isa = PBXFrameworksBuildPhase;
			buildActionMask = 2147483647;
			files = (
				B00000000000000000000014 /* StylePortCore.framework in Frameworks */,
				B00000000000000000000015 /* XCTest.framework in Frameworks */,
			);
			runOnlyForDeploymentPostprocessing = 0;
		};
/* End PBXFrameworksBuildPhase section */

/* Begin PBXGroup section */
		G00000000000000000000001 = {
			isa = PBXGroup;
			children = (
				G00000000000000000000002 /* StylePortCore */,
				G00000000000000000000003 /* StylePortApp */,
				G00000000000000000000004 /* Resources */,
				G00000000000000000000005 /* Tests */,
				G00000000000000000000006 /* Frameworks */,
				G00000000000000000000007 /* Products */,
			);
			sourceTree = "<group>";
		};
		G00000000000000000000002 /* StylePortCore */ = {
			isa = PBXGroup;
			children = (
				C00000000000000000000001 /* BinaryPlist.swift */,
				C00000000000000000000002 /* ByteBuffer.swift */,
				C00000000000000000000003 /* DonorProfile.swift */,
				C00000000000000000000004 /* Exif.swift */,
				C00000000000000000000005 /* HEIF.swift */,
				C00000000000000000000006 /* ISOBoxes.swift */,
				C00000000000000000000007 /* StyleMaps.swift */,
				C00000000000000000000008 /* StylePorter.swift */,
				C00000000000000000000009 /* StylePortError.swift */,
			);
			path = Sources/StylePortCore;
			sourceTree = "<group>";
		};
		G00000000000000000000003 /* StylePortApp */ = {
			isa = PBXGroup;
			children = (
				A00000000000000000000001 /* AppModel.swift */,
				A00000000000000000000002 /* ContentView.swift */,
				A00000000000000000000003 /* PhotoLibraryService.swift */,
				A00000000000000000000004 /* StylePortApp.swift */,
				A00000000000000000000005 /* PrivacyInfo.xcprivacy */,
				A00000000000000000000006 /* StylePort.entitlements */,
			);
			path = Sources/StylePortApp;
			sourceTree = "<group>";
		};
		G00000000000000000000004 /* Resources */ = {
			isa = PBXGroup;
			children = (
				R00000000000000000000002 /* Assets.xcassets */,
				R00000000000000000000001 /* Profiles */,
			);
			path = Resources;
			sourceTree = "<group>";
		};
		G00000000000000000000005 /* Tests */ = {
			isa = PBXGroup;
			children = (T00000000000000000000001 /* StylePortCoreTests.swift */, );
			path = Tests/StylePortCoreTests;
			sourceTree = "<group>";
		};
		G00000000000000000000006 /* Frameworks */ = {
			isa = PBXGroup;
			children = (F00000000000000000000001 /* XCTest.framework */, );
			name = Frameworks;
			sourceTree = "<group>";
		};
		G00000000000000000000007 /* Products */ = {
			isa = PBXGroup;
			children = (
				P00000000000000000000001 /* StylePortCore.framework */,
				P00000000000000000000002 /* StylePort.app */,
				P00000000000000000000003 /* StylePortCoreTests.xctest */,
			);
			name = Products;
			sourceTree = "<group>";
		};
/* End PBXGroup section */

/* Begin PBXNativeTarget section */
		500000000000000000000001 /* StylePortCore */ = {
			isa = PBXNativeTarget;
			buildConfigurationList = 700000000000000000000002 /* Build configuration list for PBXNativeTarget "StylePortCore" */;
			buildPhases = (
				100000000000000000000001 /* Sources */,
				300000000000000000000001 /* Frameworks */,
				200000000000000000000001 /* Resources */,
			);
			buildRules = ();
			dependencies = ();
			name = StylePortCore;
			productName = StylePortCore;
			productReference = P00000000000000000000001 /* StylePortCore.framework */;
			productType = "com.apple.product-type.framework";
		};
		500000000000000000000002 /* StylePort */ = {
			isa = PBXNativeTarget;
			buildConfigurationList = 700000000000000000000003 /* Build configuration list for PBXNativeTarget "StylePort" */;
			buildPhases = (
				100000000000000000000002 /* Sources */,
				300000000000000000000002 /* Frameworks */,
				200000000000000000000002 /* Resources */,
				400000000000000000000001 /* Embed Frameworks */,
			);
			buildRules = ();
			dependencies = (900000000000000000000003 /* PBXTargetDependency */, );
			name = StylePort;
			productName = StylePort;
			productReference = P00000000000000000000002 /* StylePort.app */;
			productType = "com.apple.product-type.application";
		};
		500000000000000000000003 /* StylePortCoreTests */ = {
			isa = PBXNativeTarget;
			buildConfigurationList = 700000000000000000000004 /* Build configuration list for PBXNativeTarget "StylePortCoreTests" */;
			buildPhases = (
				100000000000000000000003 /* Sources */,
				300000000000000000000003 /* Frameworks */,
				200000000000000000000003 /* Resources */,
			);
			buildRules = ();
			dependencies = (900000000000000000000004 /* PBXTargetDependency */, );
			name = StylePortCoreTests;
			productName = StylePortCoreTests;
			productReference = P00000000000000000000003 /* StylePortCoreTests.xctest */;
			productType = "com.apple.product-type.bundle.unit-test";
		};
/* End PBXNativeTarget section */

/* Begin PBXProject section */
		800000000000000000000001 /* Project object */ = {
			isa = PBXProject;
			attributes = {
				BuildIndependentTargetsInParallel = 1;
				LastSwiftUpdateCheck = 1600;
				LastUpgradeCheck = 1600;
				TargetAttributes = {
					500000000000000000000001 = {CreatedOnToolsVersion = 16.0; };
					500000000000000000000002 = {CreatedOnToolsVersion = 16.0; };
					500000000000000000000003 = {CreatedOnToolsVersion = 16.0; };
				};
			};
			buildConfigurationList = 700000000000000000000001 /* Build configuration list for PBXProject "StylePort" */;
			compatibilityVersion = "Xcode 14.0";
			developmentRegion = en;
			hasScannedForEncodings = 0;
			knownRegions = (en, Base, );
			mainGroup = G00000000000000000000001;
			productRefGroup = G00000000000000000000007 /* Products */;
			projectDirPath = "";
			projectRoot = "";
			targets = (
				500000000000000000000001 /* StylePortCore */,
				500000000000000000000002 /* StylePort */,
				500000000000000000000003 /* StylePortCoreTests */,
			);
		};
/* End PBXProject section */

/* Begin PBXResourcesBuildPhase section */
		200000000000000000000001 /* Resources */ = {isa = PBXResourcesBuildPhase; buildActionMask = 2147483647; files = (B0000000000000000000000A /* Profiles in Resources */, ); runOnlyForDeploymentPostprocessing = 0; };
		200000000000000000000002 /* Resources */ = {isa = PBXResourcesBuildPhase; buildActionMask = 2147483647; files = (B0000000000000000000000F /* Assets.xcassets in Resources */, B00000000000000000000010 /* PrivacyInfo.xcprivacy in Resources */, ); runOnlyForDeploymentPostprocessing = 0; };
		200000000000000000000003 /* Resources */ = {isa = PBXResourcesBuildPhase; buildActionMask = 2147483647; files = (); runOnlyForDeploymentPostprocessing = 0; };
/* End PBXResourcesBuildPhase section */

/* Begin PBXSourcesBuildPhase section */
		100000000000000000000001 /* Sources */ = {
			isa = PBXSourcesBuildPhase;
			buildActionMask = 2147483647;
			files = (
				B00000000000000000000001 /* BinaryPlist.swift in Sources */,
				B00000000000000000000002 /* ByteBuffer.swift in Sources */,
				B00000000000000000000003 /* DonorProfile.swift in Sources */,
				B00000000000000000000004 /* Exif.swift in Sources */,
				B00000000000000000000005 /* HEIF.swift in Sources */,
				B00000000000000000000006 /* ISOBoxes.swift in Sources */,
				B00000000000000000000007 /* StyleMaps.swift in Sources */,
				B00000000000000000000008 /* StylePorter.swift in Sources */,
				B00000000000000000000009 /* StylePortError.swift in Sources */,
			);
			runOnlyForDeploymentPostprocessing = 0;
		};
		100000000000000000000002 /* Sources */ = {isa = PBXSourcesBuildPhase; buildActionMask = 2147483647; files = (B0000000000000000000000B /* AppModel.swift in Sources */, B0000000000000000000000C /* ContentView.swift in Sources */, B0000000000000000000000D /* PhotoLibraryService.swift in Sources */, B0000000000000000000000E /* StylePortApp.swift in Sources */, ); runOnlyForDeploymentPostprocessing = 0; };
		100000000000000000000003 /* Sources */ = {isa = PBXSourcesBuildPhase; buildActionMask = 2147483647; files = (B00000000000000000000013 /* StylePortCoreTests.swift in Sources */, ); runOnlyForDeploymentPostprocessing = 0; };
/* End PBXSourcesBuildPhase section */

/* Begin PBXTargetDependency section */
		900000000000000000000003 /* PBXTargetDependency */ = {isa = PBXTargetDependency; target = 500000000000000000000001 /* StylePortCore */; targetProxy = 900000000000000000000001 /* PBXContainerItemProxy */; };
		900000000000000000000004 /* PBXTargetDependency */ = {isa = PBXTargetDependency; target = 500000000000000000000001 /* StylePortCore */; targetProxy = 900000000000000000000002 /* PBXContainerItemProxy */; };
/* End PBXTargetDependency section */

/* Begin XCBuildConfiguration section */
		600000000000000000000001 /* Debug */ = {isa = XCBuildConfiguration; buildSettings = {ALWAYS_SEARCH_USER_PATHS = NO; CLANG_ENABLE_MODULES = YES; COPY_PHASE_STRIP = NO; DEBUG_INFORMATION_FORMAT = dwarf; ENABLE_TESTABILITY = YES; GCC_C_LANGUAGE_STANDARD = gnu17; GCC_OPTIMIZATION_LEVEL = 0; ONLY_ACTIVE_ARCH = YES; SWIFT_ACTIVE_COMPILATION_CONDITIONS = DEBUG; SWIFT_OPTIMIZATION_LEVEL = "-Onone"; }; name = Debug; };
		600000000000000000000002 /* Release */ = {isa = XCBuildConfiguration; buildSettings = {ALWAYS_SEARCH_USER_PATHS = NO; CLANG_ENABLE_MODULES = YES; COPY_PHASE_STRIP = NO; DEBUG_INFORMATION_FORMAT = "dwarf-with-dsym"; ENABLE_NS_ASSERTIONS = NO; GCC_C_LANGUAGE_STANDARD = gnu17; SWIFT_COMPILATION_MODE = wholemodule; SWIFT_OPTIMIZATION_LEVEL = "-O"; VALIDATE_PRODUCT = YES; }; name = Release; };
		600000000000000000000003 /* Debug */ = {isa = XCBuildConfiguration; buildSettings = {CODE_SIGN_STYLE = Automatic; CURRENT_PROJECT_VERSION = 1; DEFINES_MODULE = YES; GENERATE_INFOPLIST_FILE = YES; IPHONEOS_DEPLOYMENT_TARGET = 17.0; MACOSX_DEPLOYMENT_TARGET = 14.0; MARKETING_VERSION = 0.1.0; PRODUCT_BUNDLE_IDENTIFIER = com.nathanhanapps.styleport.core; PRODUCT_NAME = "$(TARGET_NAME)"; SKIP_INSTALL = YES; SUPPORTED_PLATFORMS = "iphoneos iphonesimulator macosx"; SWIFT_VERSION = 5.0; TARGETED_DEVICE_FAMILY = "1,2"; }; name = Debug; };
		600000000000000000000004 /* Release */ = {isa = XCBuildConfiguration; buildSettings = {CODE_SIGN_STYLE = Automatic; CURRENT_PROJECT_VERSION = 1; DEFINES_MODULE = YES; GENERATE_INFOPLIST_FILE = YES; IPHONEOS_DEPLOYMENT_TARGET = 17.0; MACOSX_DEPLOYMENT_TARGET = 14.0; MARKETING_VERSION = 0.1.0; PRODUCT_BUNDLE_IDENTIFIER = com.nathanhanapps.styleport.core; PRODUCT_NAME = "$(TARGET_NAME)"; SKIP_INSTALL = YES; SUPPORTED_PLATFORMS = "iphoneos iphonesimulator macosx"; SWIFT_VERSION = 5.0; TARGETED_DEVICE_FAMILY = "1,2"; }; name = Release; };
		600000000000000000000005 /* Debug */ = {
			isa = XCBuildConfiguration;
			buildSettings = {
				ASSETCATALOG_COMPILER_APPICON_NAME = AppIcon;
				ASSETCATALOG_COMPILER_GLOBAL_ACCENT_COLOR_NAME = AccentColor;
				"CODE_SIGN_ENTITLEMENTS[sdk=macosx*]" = Sources/StylePortApp/StylePort.entitlements;
				CODE_SIGN_STYLE = Automatic;
				CURRENT_PROJECT_VERSION = 1;
				GENERATE_INFOPLIST_FILE = YES;
				INFOPLIST_KEY_CFBundleDisplayName = StylePort;
				INFOPLIST_KEY_ITSAppUsesNonExemptEncryption = NO;
				INFOPLIST_KEY_LSApplicationCategoryType = "public.app-category.photography";
				INFOPLIST_KEY_NSPhotoLibraryAddUsageDescription = "StylePort saves patched HEIC images and Live Photos to your library.";
				INFOPLIST_KEY_NSPhotoLibraryUsageDescription = "StylePort reads the original HEIC and paired Live Photo video you select.";
				IPHONEOS_DEPLOYMENT_TARGET = 17.0;
				LD_RUNPATH_SEARCH_PATHS = "$(inherited) @executable_path/Frameworks";
				MACOSX_DEPLOYMENT_TARGET = 14.0;
				MARKETING_VERSION = 0.1.0;
				PRODUCT_BUNDLE_IDENTIFIER = com.nathanhanapps.styleport;
				PRODUCT_NAME = "$(TARGET_NAME)";
				SUPPORTED_PLATFORMS = "iphoneos iphonesimulator macosx";
				SWIFT_VERSION = 5.0;
				TARGETED_DEVICE_FAMILY = "1,2";
			};
			name = Debug;
		};
		600000000000000000000006 /* Release */ = {
			isa = XCBuildConfiguration;
			buildSettings = {
				ASSETCATALOG_COMPILER_APPICON_NAME = AppIcon;
				ASSETCATALOG_COMPILER_GLOBAL_ACCENT_COLOR_NAME = AccentColor;
				"CODE_SIGN_ENTITLEMENTS[sdk=macosx*]" = Sources/StylePortApp/StylePort.entitlements;
				CODE_SIGN_STYLE = Automatic;
				CURRENT_PROJECT_VERSION = 1;
				GENERATE_INFOPLIST_FILE = YES;
				INFOPLIST_KEY_CFBundleDisplayName = StylePort;
				INFOPLIST_KEY_ITSAppUsesNonExemptEncryption = NO;
				INFOPLIST_KEY_LSApplicationCategoryType = "public.app-category.photography";
				INFOPLIST_KEY_NSPhotoLibraryAddUsageDescription = "StylePort saves patched HEIC images and Live Photos to your library.";
				INFOPLIST_KEY_NSPhotoLibraryUsageDescription = "StylePort reads the original HEIC and paired Live Photo video you select.";
				IPHONEOS_DEPLOYMENT_TARGET = 17.0;
				LD_RUNPATH_SEARCH_PATHS = "$(inherited) @executable_path/Frameworks";
				MACOSX_DEPLOYMENT_TARGET = 14.0;
				MARKETING_VERSION = 0.1.0;
				PRODUCT_BUNDLE_IDENTIFIER = com.nathanhanapps.styleport;
				PRODUCT_NAME = "$(TARGET_NAME)";
				SUPPORTED_PLATFORMS = "iphoneos iphonesimulator macosx";
				SWIFT_VERSION = 5.0;
				TARGETED_DEVICE_FAMILY = "1,2";
			};
			name = Release;
		};
		600000000000000000000007 /* Debug */ = {isa = XCBuildConfiguration; buildSettings = {BUNDLE_LOADER = ""; CODE_SIGN_STYLE = Automatic; GENERATE_INFOPLIST_FILE = YES; IPHONEOS_DEPLOYMENT_TARGET = 17.0; MACOSX_DEPLOYMENT_TARGET = 14.0; PRODUCT_BUNDLE_IDENTIFIER = com.nathanhanapps.styleport.coretests; PRODUCT_NAME = "$(TARGET_NAME)"; SUPPORTED_PLATFORMS = "iphoneos iphonesimulator macosx"; SWIFT_VERSION = 5.0; TARGETED_DEVICE_FAMILY = "1,2"; TEST_HOST = ""; }; name = Debug; };
		600000000000000000000008 /* Release */ = {isa = XCBuildConfiguration; buildSettings = {BUNDLE_LOADER = ""; CODE_SIGN_STYLE = Automatic; GENERATE_INFOPLIST_FILE = YES; IPHONEOS_DEPLOYMENT_TARGET = 17.0; MACOSX_DEPLOYMENT_TARGET = 14.0; PRODUCT_BUNDLE_IDENTIFIER = com.nathanhanapps.styleport.coretests; PRODUCT_NAME = "$(TARGET_NAME)"; SUPPORTED_PLATFORMS = "iphoneos iphonesimulator macosx"; SWIFT_VERSION = 5.0; TARGETED_DEVICE_FAMILY = "1,2"; TEST_HOST = ""; }; name = Release; };
/* End XCBuildConfiguration section */

/* Begin XCConfigurationList section */
		700000000000000000000001 /* Build configuration list for PBXProject "StylePort" */ = {isa = XCConfigurationList; buildConfigurations = (600000000000000000000001 /* Debug */, 600000000000000000000002 /* Release */, ); defaultConfigurationIsVisible = 0; defaultConfigurationName = Release; };
		700000000000000000000002 /* Build configuration list for PBXNativeTarget "StylePortCore" */ = {isa = XCConfigurationList; buildConfigurations = (600000000000000000000003 /* Debug */, 600000000000000000000004 /* Release */, ); defaultConfigurationIsVisible = 0; defaultConfigurationName = Release; };
		700000000000000000000003 /* Build configuration list for PBXNativeTarget "StylePort" */ = {isa = XCConfigurationList; buildConfigurations = (600000000000000000000005 /* Debug */, 600000000000000000000006 /* Release */, ); defaultConfigurationIsVisible = 0; defaultConfigurationName = Release; };
		700000000000000000000004 /* Build configuration list for PBXNativeTarget "StylePortCoreTests" */ = {isa = XCConfigurationList; buildConfigurations = (600000000000000000000007 /* Debug */, 600000000000000000000008 /* Release */, ); defaultConfigurationIsVisible = 0; defaultConfigurationName = Release; };
/* End XCConfigurationList section */
	};
	rootObject = 800000000000000000000001 /* Project object */;
}
